
Microsoft Visual Studio Solution File, Format Version 12.00
# Visual Studio Version 17
VisualStudioVersion = 17.13.36105.23 d17.13
MinimumVisualStudioVersion = 10.0.40219.1
Project("{8BC9CEB8-8B4A-11D0-8D11-00A0C91BC942}") = "Lab5OS", "Lab5OS\Lab5OS.vcxproj", "{B5AA92B6-9C49-4218-A7F3-0A6AE1EAD3BA}"
EndProject
Project("{8BC9CEB8-8B4A-11D0-8D11-00A0C91BC942}") = "Client", "Client\Client.vcxproj", "{DE47ADEA-0D09-4E8D-AC02-2BAB792AB15A}"
EndProject
Global
	GlobalSection(SolutionConfigurationPlatforms) = preSolution
		Debug|x64 = Debug|x64
		Debug|x86 = Debug|x86
		Release|x64 = Release|x64
		Release|x86 = Release|x86
	EndGlobalSection
	GlobalSection(ProjectConfigurationPlatforms) = postSolution
		{B5AA92B6-9C49-4218-A7F3-0A6AE1EAD3BA}.Debug|x64.ActiveCfg = Debug|x64
		{B5AA92B6-9C49-4218-A7F3-0A6AE1EAD3BA}.Debug|x64.Build.0 = Debug|x64
		{B5AA92B6-9C49-4218-A7F3-0A6AE1EAD3BA}.Debug|x86.ActiveCfg = Debug|Win32
		{B5AA92B6-9C49-4218-A7F3-0A6AE1EAD3BA}.Debug|x86.Build.0 = Debug|Win32
		{B5AA92B6-9C49-4218-A7F3-0A6AE1EAD3BA}.Release|x64.ActiveCfg = Release|x64
		{B5AA92B6-9C49-4218-A7F3-0A6AE1EAD3BA}.Release|x64.Build.0 = Release|x64
		{B5AA92B6-9C49-4218-A7F3-0A6AE1EAD3BA}.Release|x86.ActiveCfg = Release|Win32
		{B5AA92B6-9C49-4218-A7F3-0A6AE1EAD3BA}.Release|x86.Build.0 = Release|Win32
		{DE47ADEA-0D09-4E8D-AC02-2BAB792AB15A}.Debug|x64.ActiveCfg = Debug|x64
		{DE47ADEA-0D09-4E8D-AC02-2BAB792AB15A}.Debug|x64.Build.0 = Debug|x64
		{DE47ADEA-0D09-4E8D-AC02-2BAB792AB15A}.Debug|x86.ActiveCfg = Debug|Win32
		{DE47ADEA-0D09-4E8D-AC02-2BAB792AB15A}.Debug|x86.Build.0 = Debug|Win32
		{DE47ADEA-0D09-4E8D-AC02-2BAB792AB15A}.Release|x64.ActiveCfg = Release|x64
		{DE47ADEA-0D09-4E8D-AC02-2BAB792AB15A}.Release|x64.Build.0 = Release|x64
		{DE47ADEA-0D09-4E8D-AC02-2BAB792AB15A}.Release|x86.ActiveCfg = Release|Win32
		{DE47ADEA-0D09-4E8D-AC02-2BAB792AB15A}.Release|x86.Build.0 = Release|Win32
	EndGlobalSection
	GlobalSection(SolutionProperties) = preSolution
		HideSolutionNode = FALSE
	EndGlobalSection
	GlobalSection(ExtensibilityGlobals) = postSolution
		SolutionGuid = {4E0C530A-2A52-4BC0-9958-5548D910130F}
	EndGlobalSection
EndGlobal
